
Microsoft Visual Studio Solution File, Format Version 12.00
# Visual Studio Version 17
VisualStudioVersion = 17.3.32929.385
MinimumVisualStudioVersion = 10.0.40219.1
Project("{2150E333-8FDC-42A3-9474-1A3956D46DE8}") = "Solution Items", "Solution Items", "{8EC462FD-D22E-90A8-E5CE-7E832BA40C5D}"
	ProjectSection(SolutionItems) = preProject
		.editorconfig = .editorconfig
	EndProjectSection
EndProject
Project("{FAE04EC0-301F-11D3-BF4B-00C04F79EFBC}") = "MetaProgramming", "MetaProgramming\MetaProgramming.csproj", "{DE891700-5CC7-E992-143D-11A21C57A0A7}"
EndProject
Project("{FAE04EC0-301F-11D3-BF4B-00C04F79EFBC}") = "MetaProgramming.MetaLama", "MetaProgramming.MetaLama\MetaProgramming.MetaLama.csproj", "{FDA7F98E-CB80-7E8F-E48D-9E572FEE26E2}"
EndProject
Project("{FAE04EC0-301F-11D3-BF4B-00C04F79EFBC}") = "TestMod", "TestMod\TestMod.csproj", "{429F81EF-A6D9-FFE2-7798-4BDD7C446159}"
EndProject
Project("{FAE04EC0-301F-11D3-BF4B-00C04F79EFBC}") = "LogicRateLimiter", "LogicRateLimiter\LogicRateLimiter.csproj", "{6BB2D2DB-FA30-D382-93AF-AF7A26E3B005}"
EndProject
Project("{FAE04EC0-301F-11D3-BF4B-00C04F79EFBC}") = "SupportCode", "SupportCode\SupportCode.csproj", "{FF5BB3C0-034B-4A37-92E8-58C9E63EEDD7}"
EndProject
Project("{FAE04EC0-301F-11D3-BF4B-00C04F79EFBC}") = "AllHatchesMustDie", "AllHatchesMustDie\AllHatchesMustDie.csproj", "{09C26679-CA63-ACD5-042E-3DB37C34D1CD}"
EndProject
Project("{FAE04EC0-301F-11D3-BF4B-00C04F79EFBC}") = "MakeThingsUserNamable", "MakeThingsUserNamable\MakeThingsUserNamable.csproj", "{AA744613-C1B7-105F-3C98-A9CC6C13D9DF}"
EndProject
Project("{FAE04EC0-301F-11D3-BF4B-00C04F79EFBC}") = "MicrochipsOnSolderingStation", "MicrochipsOnSolderingStation\MicrochipsOnSolderingStation.csproj", "{AA77B76C-3EEE-455D-0FA5-F17B695D5676}"
EndProject
Project("{FAE04EC0-301F-11D3-BF4B-00C04F79EFBC}") = "RescueEntombedCritters", "RescueEntombedCritters\RescueEntombedCritters.csproj", "{DE7D5EED-CB4B-06C3-E28D-D980DA40A6E1}"
EndProject
Project("{FAE04EC0-301F-11D3-BF4B-00C04F79EFBC}") = "DeveloperHelpers", "DeveloperHelpers\DeveloperHelpers.csproj", "{6FA05518-07A8-C3F1-79B8-36AA6A75FAF1}"
EndProject
Project("{FAE04EC0-301F-11D3-BF4B-00C04F79EFBC}") = "SlippyCheeze.ONIModTemplate", "SlippyCheeze.ONIModTemplate\SlippyCheeze.ONIModTemplate.csproj", "{CD9C002E-DBCF-1987-6ADD-AE2752711D8D}"
EndProject
Project("{FAE04EC0-301F-11D3-BF4B-00C04F79EFBC}") = "MoreFoodCooksWhenHeated", "MoreFoodCooksWhenHeated\MoreFoodCooksWhenHeated.csproj", "{E1C13065-1BAA-41A5-9527-0201E541B22B}"
EndProject
Project("{FAE04EC0-301F-11D3-BF4B-00C04F79EFBC}") = "SlippyCheezePersonal", "Personal\SlippyCheezePersonal.csproj", "{80184335-DA79-3540-F77F-2837234F9537}"
EndProject
Project("{FAE04EC0-301F-11D3-BF4B-00C04F79EFBC}") = "PressureValves", "PressureValves\PressureValves.csproj", "{7BD152FC-3E14-4F08-9BB1-C145D6D10190}"
EndProject
Project("{FAE04EC0-301F-11D3-BF4B-00C04F79EFBC}") = "SmartResourceDiscovery", "SmartResourceDiscovery\SmartResourceDiscovery.csproj", "{11EE5F9E-7EE6-49D4-B73B-38BA220919D9}"
EndProject
Global
	GlobalSection(SolutionConfigurationPlatforms) = preSolution
		Debug|Any CPU = Debug|Any CPU
		Release|Any CPU = Release|Any CPU
	EndGlobalSection
	GlobalSection(ProjectConfigurationPlatforms) = postSolution
		{DE891700-5CC7-E992-143D-11A21C57A0A7}.Debug|Any CPU.ActiveCfg = Debug|Any CPU
		{DE891700-5CC7-E992-143D-11A21C57A0A7}.Debug|Any CPU.Build.0 = Debug|Any CPU
		{DE891700-5CC7-E992-143D-11A21C57A0A7}.Release|Any CPU.ActiveCfg = Release|Any CPU
		{DE891700-5CC7-E992-143D-11A21C57A0A7}.Release|Any CPU.Build.0 = Release|Any CPU
		{FDA7F98E-CB80-7E8F-E48D-9E572FEE26E2}.Debug|Any CPU.ActiveCfg = Debug|Any CPU
		{FDA7F98E-CB80-7E8F-E48D-9E572FEE26E2}.Debug|Any CPU.Build.0 = Debug|Any CPU
		{FDA7F98E-CB80-7E8F-E48D-9E572FEE26E2}.Release|Any CPU.ActiveCfg = Release|Any CPU
		{FDA7F98E-CB80-7E8F-E48D-9E572FEE26E2}.Release|Any CPU.Build.0 = Release|Any CPU
		{429F81EF-A6D9-FFE2-7798-4BDD7C446159}.Debug|Any CPU.ActiveCfg = Debug|Any CPU
		{429F81EF-A6D9-FFE2-7798-4BDD7C446159}.Debug|Any CPU.Build.0 = Debug|Any CPU
		{429F81EF-A6D9-FFE2-7798-4BDD7C446159}.Release|Any CPU.ActiveCfg = Release|Any CPU
		{429F81EF-A6D9-FFE2-7798-4BDD7C446159}.Release|Any CPU.Build.0 = Release|Any CPU
		{6BB2D2DB-FA30-D382-93AF-AF7A26E3B005}.Debug|Any CPU.ActiveCfg = Debug|Any CPU
		{6BB2D2DB-FA30-D382-93AF-AF7A26E3B005}.Debug|Any CPU.Build.0 = Debug|Any CPU
		{6BB2D2DB-FA30-D382-93AF-AF7A26E3B005}.Release|Any CPU.ActiveCfg = Release|Any CPU
		{6BB2D2DB-FA30-D382-93AF-AF7A26E3B005}.Release|Any CPU.Build.0 = Release|Any CPU
		{FF5BB3C0-034B-4A37-92E8-58C9E63EEDD7}.Debug|Any CPU.ActiveCfg = Debug|Any CPU
		{FF5BB3C0-034B-4A37-92E8-58C9E63EEDD7}.Debug|Any CPU.Build.0 = Debug|Any CPU
		{FF5BB3C0-034B-4A37-92E8-58C9E63EEDD7}.Release|Any CPU.ActiveCfg = Release|Any CPU
		{FF5BB3C0-034B-4A37-92E8-58C9E63EEDD7}.Release|Any CPU.Build.0 = Release|Any CPU
		{09C26679-CA63-ACD5-042E-3DB37C34D1CD}.Debug|Any CPU.ActiveCfg = Debug|Any CPU
		{09C26679-CA63-ACD5-042E-3DB37C34D1CD}.Debug|Any CPU.Build.0 = Debug|Any CPU
		{09C26679-CA63-ACD5-042E-3DB37C34D1CD}.Release|Any CPU.ActiveCfg = Release|Any CPU
		{09C26679-CA63-ACD5-042E-3DB37C34D1CD}.Release|Any CPU.Build.0 = Release|Any CPU
		{AA744613-C1B7-105F-3C98-A9CC6C13D9DF}.Debug|Any CPU.ActiveCfg = Debug|Any CPU
		{AA744613-C1B7-105F-3C98-A9CC6C13D9DF}.Debug|Any CPU.Build.0 = Debug|Any CPU
		{AA744613-C1B7-105F-3C98-A9CC6C13D9DF}.Release|Any CPU.ActiveCfg = Release|Any CPU
		{AA744613-C1B7-105F-3C98-A9CC6C13D9DF}.Release|Any CPU.Build.0 = Release|Any CPU
		{AA77B76C-3EEE-455D-0FA5-F17B695D5676}.Debug|Any CPU.ActiveCfg = Debug|Any CPU
		{AA77B76C-3EEE-455D-0FA5-F17B695D5676}.Debug|Any CPU.Build.0 = Debug|Any CPU
		{AA77B76C-3EEE-455D-0FA5-F17B695D5676}.Release|Any CPU.ActiveCfg = Release|Any CPU
		{AA77B76C-3EEE-455D-0FA5-F17B695D5676}.Release|Any CPU.Build.0 = Release|Any CPU
		{DE7D5EED-CB4B-06C3-E28D-D980DA40A6E1}.Debug|Any CPU.ActiveCfg = Debug|Any CPU
		{DE7D5EED-CB4B-06C3-E28D-D980DA40A6E1}.Debug|Any CPU.Build.0 = Debug|Any CPU
		{DE7D5EED-CB4B-06C3-E28D-D980DA40A6E1}.Release|Any CPU.ActiveCfg = Release|Any CPU
		{DE7D5EED-CB4B-06C3-E28D-D980DA40A6E1}.Release|Any CPU.Build.0 = Release|Any CPU
		{6FA05518-07A8-C3F1-79B8-36AA6A75FAF1}.Debug|Any CPU.ActiveCfg = Debug|Any CPU
		{6FA05518-07A8-C3F1-79B8-36AA6A75FAF1}.Debug|Any CPU.Build.0 = Debug|Any CPU
		{6FA05518-07A8-C3F1-79B8-36AA6A75FAF1}.Release|Any CPU.ActiveCfg = Release|Any CPU
		{6FA05518-07A8-C3F1-79B8-36AA6A75FAF1}.Release|Any CPU.Build.0 = Release|Any CPU
		{CD9C002E-DBCF-1987-6ADD-AE2752711D8D}.Debug|Any CPU.ActiveCfg = Debug|Any CPU
		{CD9C002E-DBCF-1987-6ADD-AE2752711D8D}.Debug|Any CPU.Build.0 = Debug|Any CPU
		{CD9C002E-DBCF-1987-6ADD-AE2752711D8D}.Release|Any CPU.ActiveCfg = Release|Any CPU
		{CD9C002E-DBCF-1987-6ADD-AE2752711D8D}.Release|Any CPU.Build.0 = Release|Any CPU
		{E1C13065-1BAA-41A5-9527-0201E541B22B}.Debug|Any CPU.ActiveCfg = Debug|Any CPU
		{E1C13065-1BAA-41A5-9527-0201E541B22B}.Debug|Any CPU.Build.0 = Debug|Any CPU
		{E1C13065-1BAA-41A5-9527-0201E541B22B}.Release|Any CPU.ActiveCfg = Release|Any CPU
		{E1C13065-1BAA-41A5-9527-0201E541B22B}.Release|Any CPU.Build.0 = Release|Any CPU
		{80184335-DA79-3540-F77F-2837234F9537}.Debug|Any CPU.ActiveCfg = Debug|Any CPU
		{80184335-DA79-3540-F77F-2837234F9537}.Debug|Any CPU.Build.0 = Debug|Any CPU
		{80184335-DA79-3540-F77F-2837234F9537}.Release|Any CPU.ActiveCfg = Release|Any CPU
		{80184335-DA79-3540-F77F-2837234F9537}.Release|Any CPU.Build.0 = Release|Any CPU
		{7BD152FC-3E14-4F08-9BB1-C145D6D10190}.Debug|Any CPU.ActiveCfg = Debug|Any CPU
		{7BD152FC-3E14-4F08-9BB1-C145D6D10190}.Debug|Any CPU.Build.0 = Debug|Any CPU
		{7BD152FC-3E14-4F08-9BB1-C145D6D10190}.Release|Any CPU.ActiveCfg = Release|Any CPU
		{7BD152FC-3E14-4F08-9BB1-C145D6D10190}.Release|Any CPU.Build.0 = Release|Any CPU
		{11EE5F9E-7EE6-49D4-B73B-38BA220919D9}.Debug|Any CPU.ActiveCfg = Debug|Any CPU
		{11EE5F9E-7EE6-49D4-B73B-38BA220919D9}.Debug|Any CPU.Build.0 = Debug|Any CPU
		{11EE5F9E-7EE6-49D4-B73B-38BA220919D9}.Release|Any CPU.ActiveCfg = Release|Any CPU
		{11EE5F9E-7EE6-49D4-B73B-38BA220919D9}.Release|Any CPU.Build.0 = Release|Any CPU
	EndGlobalSection
	GlobalSection(SolutionProperties) = preSolution
		HideSolutionNode = FALSE
	EndGlobalSection
	GlobalSection(ExtensibilityGlobals) = postSolution
		SolutionGuid = {5C5F639C-7950-495E-BE78-375C8AD71F11}
	EndGlobalSection
EndGlobal
