
Microsoft Visual Studio Solution File, Format Version 12.00
# Visual Studio Version 17
VisualStudioVersion = 17.3.32929.385
MinimumVisualStudioVersion = 10.0.40219.1
Project("{2150E333-8FDC-42A3-9474-1A3956D46DE8}") = "Solution Items", "Solution Items", "{8EC462FD-D22E-90A8-E5CE-7E832BA40C5D}"
	ProjectSection(SolutionItems) = preProject
		.editorconfig = .editorconfig
	EndProjectSection
EndProject
Project("{FAE04EC0-301F-11D3-BF4B-00C04F79EFBC}") = "MetaProgramming", "MetaProgramming\MetaProgramming.csproj", "{DE891700-5CC7-E992-143D-11A21C57A0A7}"
EndProject
Project("{FAE04EC0-301F-11D3-BF4B-00C04F79EFBC}") = "MetaProgramming.MetaLama", "MetaProgramming.MetaLama\MetaProgramming.MetaLama.csproj", "{FDA7F98E-CB80-7E8F-E48D-9E572FEE26E2}"
EndProject
Project("{FAE04EC0-301F-11D3-BF4B-00C04F79EFBC}") = "TestMod", "TestMod\TestMod.csproj", "{429F81EF-A6D9-FFE2-7798-4BDD7C446159}"
EndProject
Project("{FAE04EC0-301F-11D3-BF4B-00C04F79EFBC}") = "LogicRateLimiter", "LogicRateLimiter\LogicRateLimiter.csproj", "{6BB2D2DB-FA30-D382-93AF-AF7A26E3B005}"
EndProject
Project("{FAE04EC0-301F-11D3-BF4B-00C04F79EFBC}") = "SupportCode", "SupportCode\SupportCode.csproj", "{FF5BB3C0-034B-4A37-92E8-58C9E63EEDD7}"
EndProject
Project("{D954291E-2A0B-460D-934E-DC6B0785DB48}") = "InjectedCode", "InjectedCode\InjectedCode.shproj", "{C01BA2A8-8826-4AEA-9E82-F618E328AC02}"
EndProject
Project("{FAE04EC0-301F-11D3-BF4B-00C04F79EFBC}") = "SlippyCheezePersonal", "SlippyCheezePersonal\SlippyCheezePersonal.csproj", "{BA393854-909A-4FBC-40C1-4075A6CA580E}"
EndProject
Global
	GlobalSection(SolutionConfigurationPlatforms) = preSolution
		Debug|Any CPU = Debug|Any CPU
		Release|Any CPU = Release|Any CPU
	EndGlobalSection
	GlobalSection(ProjectConfigurationPlatforms) = postSolution
		{DE891700-5CC7-E992-143D-11A21C57A0A7}.Debug|Any CPU.ActiveCfg = Debug|Any CPU
		{DE891700-5CC7-E992-143D-11A21C57A0A7}.Debug|Any CPU.Build.0 = Debug|Any CPU
		{DE891700-5CC7-E992-143D-11A21C57A0A7}.Release|Any CPU.ActiveCfg = Release|Any CPU
		{DE891700-5CC7-E992-143D-11A21C57A0A7}.Release|Any CPU.Build.0 = Release|Any CPU
		{FDA7F98E-CB80-7E8F-E48D-9E572FEE26E2}.Debug|Any CPU.ActiveCfg = Debug|Any CPU
		{FDA7F98E-CB80-7E8F-E48D-9E572FEE26E2}.Debug|Any CPU.Build.0 = Debug|Any CPU
		{FDA7F98E-CB80-7E8F-E48D-9E572FEE26E2}.Release|Any CPU.ActiveCfg = Release|Any CPU
		{FDA7F98E-CB80-7E8F-E48D-9E572FEE26E2}.Release|Any CPU.Build.0 = Release|Any CPU
		{429F81EF-A6D9-FFE2-7798-4BDD7C446159}.Debug|Any CPU.ActiveCfg = Debug|Any CPU
		{429F81EF-A6D9-FFE2-7798-4BDD7C446159}.Debug|Any CPU.Build.0 = Debug|Any CPU
		{429F81EF-A6D9-FFE2-7798-4BDD7C446159}.Release|Any CPU.ActiveCfg = Release|Any CPU
		{429F81EF-A6D9-FFE2-7798-4BDD7C446159}.Release|Any CPU.Build.0 = Release|Any CPU
		{6BB2D2DB-FA30-D382-93AF-AF7A26E3B005}.Debug|Any CPU.ActiveCfg = Debug|Any CPU
		{6BB2D2DB-FA30-D382-93AF-AF7A26E3B005}.Debug|Any CPU.Build.0 = Debug|Any CPU
		{6BB2D2DB-FA30-D382-93AF-AF7A26E3B005}.Release|Any CPU.ActiveCfg = Release|Any CPU
		{6BB2D2DB-FA30-D382-93AF-AF7A26E3B005}.Release|Any CPU.Build.0 = Release|Any CPU
		{FF5BB3C0-034B-4A37-92E8-58C9E63EEDD7}.Debug|Any CPU.ActiveCfg = Debug|Any CPU
		{FF5BB3C0-034B-4A37-92E8-58C9E63EEDD7}.Debug|Any CPU.Build.0 = Debug|Any CPU
		{FF5BB3C0-034B-4A37-92E8-58C9E63EEDD7}.Release|Any CPU.ActiveCfg = Release|Any CPU
		{FF5BB3C0-034B-4A37-92E8-58C9E63EEDD7}.Release|Any CPU.Build.0 = Release|Any CPU
		{BA393854-909A-4FBC-40C1-4075A6CA580E}.Debug|Any CPU.ActiveCfg = Debug|Any CPU
		{BA393854-909A-4FBC-40C1-4075A6CA580E}.Debug|Any CPU.Build.0 = Debug|Any CPU
		{BA393854-909A-4FBC-40C1-4075A6CA580E}.Release|Any CPU.ActiveCfg = Release|Any CPU
		{BA393854-909A-4FBC-40C1-4075A6CA580E}.Release|Any CPU.Build.0 = Release|Any CPU
	EndGlobalSection
	GlobalSection(SolutionProperties) = preSolution
		HideSolutionNode = FALSE
	EndGlobalSection
	GlobalSection(ExtensibilityGlobals) = postSolution
		SolutionGuid = {5C5F639C-7950-495E-BE78-375C8AD71F11}
	EndGlobalSection
	GlobalSection(SharedMSBuildProjectFiles) = preSolution
		InjectedCode\InjectedCode.projitems*{429f81ef-a6d9-ffe2-7798-4bdd7c446159}*SharedItemsImports = 5
		InjectedCode\InjectedCode.projitems*{6bb2d2db-fa30-d382-93af-af7a26e3b005}*SharedItemsImports = 5
		InjectedCode\InjectedCode.projitems*{ba393854-909a-4fbc-40c1-4075a6ca580e}*SharedItemsImports = 5
		InjectedCode\InjectedCode.projitems*{c01ba2a8-8826-4aea-9e82-f618e328ac02}*SharedItemsImports = 13
	EndGlobalSection
EndGlobal
